# THIS IS AN AUTOGENERATED FILE. DO NOT EDIT THIS FILE DIRECTLY.
assets/No_Image_2.png:
  development: 2018-07-06T05:16:50-04:00   345df548bfc91a93fb707cbd13468564
assets/animate.min.css:
  development: 2018-07-06T05:16:51-04:00   e60cafa2ef7a18ed807e71adc6de4c50
assets/arrow-dark.png:
  development: 2018-07-06T05:16:51-04:00   8a77f6152f2c9c609778cc81b8a41a2b
assets/arrow-light.png:
  development: 2018-07-06T05:16:51-04:00   5784ffeb22e4a695e7f98c9fd892d134
assets/banner-list-collection.jpg:
  development: 2018-07-06T05:16:52-04:00   360ce27dcd4006cee27ed81ed169c24f
assets/bg-cart.png:
  development: 2018-07-06T05:16:52-04:00   b4aebce3a31988119dd1a7b490aa83f5
assets/bg_check.png:
  development: 2018-07-06T05:16:53-04:00   7844f37fbb2f87fcc92f18cf8df0c99e
assets/bg_check_sb.png:
  development: 2018-07-06T05:16:53-04:00   7844f37fbb2f87fcc92f18cf8df0c99e
assets/bg_none_check.png:
  development: 2018-07-06T05:16:53-04:00   c3aa738f4058ef495994adfd660dccfd
assets/bg_none_check_sb.png:
  development: 2018-07-06T05:16:53-04:00   c3aa738f4058ef495994adfd660dccfd
assets/black.png:
  development: 2018-07-06T05:16:53-04:00   03af3abf02007d37cfbb5efef3161ddb
assets/blank.gif:
  development: 2018-07-06T05:16:54-04:00   325472601571f31e1bf00674c368d335
assets/blankslate-producticon.png:
  development: 2018-07-06T05:16:54-04:00   7ddce8bab207fc3d20fe8423a3cea9c8
assets/blog_banner.jpg:
  development: 2018-07-06T05:16:54-04:00   4adb278d5354bb0c01203ba07dfd4149
assets/blog_sidebar.jpg:
  development: 2018-07-06T05:16:54-04:00   92d061c950d5d273b385a34c09df5083
assets/blue.png:
  development: 2018-07-06T05:16:54-04:00   3dd62411dae15c376052fe098668965f
assets/brandon.css:
  development: 2018-07-06T05:16:55-04:00   7979ef6eb2d9240748398a4edc21bda7
assets/brandon_bld-webfont.eot:
  development: 2018-07-06T05:16:55-04:00   25a2bf9991a09c8de9bcf695afd72863
assets/brandon_bld_it-webfont.eot:
  development: 2018-07-06T05:16:55-04:00   b4a6a0c87262265e155b7186c2c88cc9
assets/brandon_blk-webfont.eot:
  development: 2018-07-06T05:16:55-04:00   ea8a04fa996479d7461b917f7401419a
assets/brandon_blk_it-webfont.eot:
  development: 2018-07-06T05:16:55-04:00   cdd7b2281466805b00ff8d1111be35ad
assets/brown.png:
  development: 2018-07-06T05:16:56-04:00   3b4bfd5abe9437ec7355338cb7d302f0
assets/cart_banner.jpg:
  development: 2018-07-06T05:16:56-04:00   4640321afc49fe322eb5af57c917cc86
assets/checkout.css.liquid:
  development: 2018-07-06T05:16:56-04:00   a321ba0468d23d2bdebcf46cdeeceb1f
assets/circular_clock2.png:
  development: 2018-07-06T05:16:57-04:00   9a70cdb1dcc0825ba238ee525b2eef38
assets/circular_clock3.png:
  development: 2018-07-06T05:16:57-04:00   433dfb39905dba3873986442c1d4c3b0
assets/circular_clock4.png:
  development: 2018-07-06T05:16:57-04:00   b88171cf7296da9271a419c458eb2da4
assets/classie.js:
  development: 2018-07-06T05:16:57-04:00   723c75fde6dc7bb3ef0f7f12584655a0
assets/collection_banner_all.jpg:
  development: 2018-07-06T05:16:57-04:00   e256298fdf19cbbf7e6e19883085e8ad
assets/contact_banner.jpg:
  development: 2018-07-06T05:16:58-04:00   aa446c5996d3b91293ce79074e039bb5
assets/cs-cosmetics.cart.js.liquid:
  development: 2018-07-06T05:16:58-04:00   c7598edf067fb386111ca650043ec108
assets/cs-cosmetics.global.scss.liquid:
  development: 2018-07-06T05:16:58-04:00   203e0fadca06b984eeeac29066a3ed83
assets/cs-cosmetics.optionSelect.js:
  development: 2018-07-06T05:16:58-04:00   4b2eba052014f8884927c8f85bee3764
assets/cs-cosmetics.script.js.liquid:
  development: 2018-07-06T05:16:59-04:00   a4c8593409a865d84cf05471a49b0bfc
assets/cs-cosmetics.styles.scss.liquid:
  development: 2018-07-06T05:16:59-04:00   c015b8875eab96f287e683189b02ccee
assets/fancybox-x.png:
  development: 2018-07-06T05:16:59-04:00   168696d8a694214090ef90e029cdf393
assets/fancybox.png:
  development: 2018-07-06T05:16:59-04:00   d04675e17f3c6c2581742eb4e79c6582
assets/fancybox_loading.gif:
  development: 2018-07-06T05:16:59-04:00   328cc0f6c78211485058d460e80f4fa8
assets/fancybox_loading@2x.gif:
  development: 2018-07-06T05:17:00-04:00   f92938639fa894a0e8ded1c3368abe98
assets/fancybox_sprite.png:
  development: 2018-07-06T05:17:00-04:00   783d4031fe50c3d83c960911e1fbc705
assets/fancybox_sprite@2x.png:
  development: 2018-07-06T05:17:00-04:00   ed9970ce22242421e66ff150aa97fe5f
assets/faq_banner.jpg:
  development: 2018-07-06T05:17:00-04:00   8ab08b5b843d8f59a8195674505d8a20
assets/favicon.png:
  development: 2018-07-06T05:17:01-04:00   bf6bcccd707cafc777d31764ba5f8976
assets/footer_logo.png:
  development: 2018-07-06T05:17:01-04:00   4ba38d7b25950cba0a2811e5de014c27
assets/footer_newsletter_bkg.jpg:
  development: 2018-07-06T05:17:01-04:00   95ed270232462a06299df010da719957
assets/fp_image_1.jpg:
  development: 2018-07-06T05:17:01-04:00   546088e37590592008b2f2eb84da3c1c
assets/fp_image_2.jpg:
  development: 2018-07-06T05:17:01-04:00   546088e37590592008b2f2eb84da3c1c
assets/fp_image_3.jpg:
  development: 2018-07-06T05:17:02-04:00   546088e37590592008b2f2eb84da3c1c
assets/general_top_banner.jpg:
  development: 2018-07-06T05:17:02-04:00   1911aecc378910610d17aa63ceeea386
assets/general_top_banner.png:
  development: 2018-07-06T05:17:03-04:00   2aab50c4dd21b65cdc25b00392db1964
assets/grabbing.png:
  development: 2018-07-06T05:17:03-04:00   db13fc359197e142cf81a4f5c5beccc7
assets/gray.png:
  development: 2018-07-06T05:17:03-04:00   44ce046f63532e418b19a4655e15b389
assets/green.png:
  development: 2018-07-06T05:17:03-04:00   2e45645400f8352e52258ab324d8e29c
assets/home_banner-1-bkg.jpg:
  development: 2018-07-06T05:17:03-04:00   61c7accc2159a5ad3ef1a5aa3b385ac5
assets/home_banner-2-bkg.jpg:
  development: 2018-07-06T05:17:04-04:00   b11e270cd4feb45bbe256f67b8a7964b
assets/home_banner-3-bkg.jpg:
  development: 2018-07-06T05:17:04-04:00   bf06d89cc527c645097bdc0e3c3e5e4a
assets/home_btmbanner_image.png:
  development: 2018-07-06T05:17:04-04:00   75f81b4393364e06c60e9784a1dd3701
assets/home_gallery_image1.png:
  development: 2018-07-06T05:17:04-04:00   5f2e8361b2cd620e0471eac2401174ef
assets/home_gallery_image2.png:
  development: 2018-07-06T05:17:05-04:00   45f5de617f38a90ffd2667f7aff99655
assets/home_gallery_image3.png:
  development: 2018-07-06T05:17:05-04:00   80ea4c430bbcc5d436cc7be648d727c0
assets/home_gallery_image4.png:
  development: 2018-07-06T05:17:05-04:00   4bb5941ea4c7495ad74579ec3d8d47fb
assets/home_gallery_image5.png:
  development: 2018-07-06T05:17:05-04:00   6cdb9fb61cad8ddffe69a98d251badfd
assets/home_intro_img.png:
  development: 2018-07-06T05:17:05-04:00   ceb7ae1debe2d30119f3240ab6759ba7
assets/home_newperfumes_image1.png:
  development: 2018-07-06T05:17:06-04:00   8e5cde28c083ecf93f5d9f58ea1ffe44
assets/home_newperfumes_image2.png:
  development: 2018-07-06T05:17:06-04:00   79188cf5a207256fadf27a3ebe878f39
assets/home_newsletter_image.png:
  development: 2018-07-06T05:17:06-04:00   79188cf5a207256fadf27a3ebe878f39
assets/home_reviews1_image.png:
  development: 2018-07-06T05:17:06-04:00   96932d19f1e0eec45ad1b2f1a232e0d0
assets/home_reviews2_image.png:
  development: 2018-07-06T05:17:07-04:00   33cf2c9797e871145120c9059ed876af
assets/home_reviews3_image.png:
  development: 2018-07-06T05:17:07-04:00   96932d19f1e0eec45ad1b2f1a232e0d0
assets/home_reviews4_image.png:
  development: 2018-07-06T05:17:07-04:00   33cf2c9797e871145120c9059ed876af
assets/home_testi_bkg.jpg:
  development: 2018-07-06T05:17:07-04:00   e154ecd18c45e33c7288d8d633b9f48d
assets/home_testi_review1_avatar.png:
  development: 2018-07-06T05:17:08-04:00   3b2595bbda3359b1a9a164b188be4a3a
assets/home_testi_review2_avatar.png:
  development: 2018-07-06T05:17:08-04:00   3b2595bbda3359b1a9a164b188be4a3a
assets/home_testi_review3_avatar.png:
  development: 2018-07-06T05:17:08-04:00   3b2595bbda3359b1a9a164b188be4a3a
assets/home_topbanner_1_image.png:
  development: 2018-07-06T05:17:08-04:00   9b66174b0d6246b0dd17c8c94d132c97
assets/home_topbanner_2_image.png:
  development: 2018-07-06T05:17:08-04:00   e36a87689338603a3aa44c2ad24fc956
assets/home_topperfumes_image1.png:
  development: 2018-07-06T05:17:09-04:00   e5dc7bf97342497c7d9e091b6f9b4fde
assets/home_topperfumes_image2.png:
  development: 2018-07-06T05:17:09-04:00   79188cf5a207256fadf27a3ebe878f39
assets/html5shiv.js:
  development: 2018-07-06T05:17:09-04:00   d5e37d8ee1a4ce73ad47f1614adce449
assets/icon-cart-small.png:
  development: 2018-07-06T05:17:09-04:00   338ff02fd61954c2510cfed5c6e1e0cb
assets/icon-cart.png:
  development: 2018-07-06T05:17:10-04:00   e40a7f673ce91307bde80761c0071bb1
assets/icon-cc-amex.png:
  development: 2018-07-06T05:17:10-04:00   8bd6409f63f7c05d49a2009f0d63c93b
assets/icon-cc-bitcoin.png:
  development: 2018-07-06T05:17:10-04:00   07a895008be0e58985a6e1548bf9e5d2
assets/icon-cc-discover.png:
  development: 2018-07-06T05:17:10-04:00   fd4141c90828d458e357f76948c78bb4
assets/icon-cc-google.png:
  development: 2018-07-06T05:17:10-04:00   280a3b8f26197c7e0d50ef236469de17
assets/icon-cc-mastercard.png:
  development: 2018-07-06T05:17:11-04:00   d0b5699759fe4e96cfb8686bd46e3d25
assets/icon-cc-paypal.png:
  development: 2018-07-06T05:17:11-04:00   48141c22251b1b0cbc8e7034267f9da8
assets/icon-cc-visa.png:
  development: 2018-07-06T05:17:11-04:00   97527f3bc8a12eebc6cae85c34183fdb
assets/icon-search-light.png:
  development: 2018-07-06T05:17:11-04:00   f1b1f102816da052dca914d04310e4cf
assets/icon-search.png:
  development: 2018-07-06T05:17:11-04:00   1e2fe986c8b039677c7f9da03d4d6341
assets/icon-search1.png:
  development: 2018-07-06T05:17:11-04:00   a7c6a4fa668653b57427977bf396f86d
assets/icons.eot:
  development: 2018-07-06T05:17:12-04:00   f8ce645b7c86ae4cdbb210ccf6232653
assets/icons.json:
  development: 2018-07-06T05:17:12-04:00   519f8749b24ff387e4c4824d925d5033
assets/icons.svg:
  development: 2018-07-06T05:17:12-04:00   46535e4dcce9d3efe1846195ebc591f5
assets/icons.ttf:
  development: 2018-07-06T05:17:12-04:00   786a92120fbec713c58c3dcad970b72e
assets/icons.woff:
  development: 2018-07-06T05:17:12-04:00   f34345e3c33b3fd3f011efde335c36e5
assets/imagesloaded.pkgd.min.js:
  development: 2018-07-06T05:17:13-04:00   511ef2f6ee750edc32bb5c8d5d324e7e
assets/img404.png:
  development: 2018-07-06T05:17:13-04:00   f0e986ffb27ac26cede341c8d4031cf3
assets/instafeed.min.js:
  development: 2018-07-06T05:17:13-04:00   0b6a7de95b8d11b23c8e58b12574f696
assets/jquery-migrate-1.2.0.min.js:
  development: 2018-07-06T05:17:13-04:00   c6cacd9f9266bc1d9c31c6fe30b56e36
assets/jquery.backstretch.min.js:
  development: 2018-07-06T05:17:14-04:00   9864c8c47e5cf14e5ffc729f4b5bebed
assets/jquery.bxslider.css:
  development: 2018-07-06T05:17:14-04:00   98b86fbc10502b09a2474625dfdaaddb
assets/jquery.bxslider.min.js:
  development: 2018-07-06T05:17:14-04:00   534f4e02509ace216f6d9d34b809da8d
assets/jquery.cart.min.js:
  development: 2018-07-06T05:17:14-04:00   fec70c31ef5d9c99fbc5f30c030901ab
assets/jquery.currencies.min.js:
  development: 2018-07-06T05:17:14-04:00   e6cd255e93877a08aea75f5a0e04be9b
assets/jquery.fancybox.css:
  development: 2018-07-06T05:17:15-04:00   fd7de7df5125265bbd78984d637cf90d
assets/jquery.fancybox.js:
  development: 2018-07-06T05:17:15-04:00   7565881147cef4e6b0c7de9ab11bace8
assets/jquery.flexslider-min.js:
  development: 2018-07-06T05:17:15-04:00   b544e8f01c6da9758821227f30b6348a
assets/jquery.gmap.min.js:
  development: 2018-07-06T05:17:15-04:00   46743173fd1fa8cb0c97543fd89ce365
assets/jquery.smooth-scroll.min.js:
  development: 2018-07-06T05:17:15-04:00   8dfe5677a106f03643eec1ebca5f365f
assets/jquery.tweet.js.liquid:
  development: 2018-07-06T05:17:16-04:00   0a35c10d4fa0a406c5320ffe107b9d49
assets/jquery.zoom.js:
  development: 2018-07-06T05:17:16-04:00   198ad155033987c047ca3a20d70ef76c
assets/json3.min.js:
  development: 2018-07-06T05:17:16-04:00   5b078431efd264264df66b9da60fad30
assets/left-bg.png:
  development: 2018-07-06T05:17:16-04:00   59386bf2a74f0beb4a31adff09230601
assets/line-title.png:
  development: 2018-07-06T05:17:17-04:00   3ed4816d7db8c64ecbf5ec198ce2f7a4
assets/linkOptionSelectors.js:
  development: 2018-07-06T05:17:17-04:00   20e4887ce2e6de0410f5e5ffc9774ada
assets/loader.gif:
  development: 2018-07-06T05:17:17-04:00   9a8269421303631316be4ab5e34870e1
assets/logo.png:
  development: 2018-07-06T05:17:17-04:00   0663048bad459220a3f4aded46216180
assets/lookbook_banner.jpg:
  development: 2018-07-06T05:17:19-04:00   8cc98d83c215847e8ce5795273d575ae
assets/lookbook01.jpg:
  development: 2018-07-06T05:17:17-04:00   d32c6a63ad59bc0239bfed1b981f26d0
assets/lookbook02.jpg:
  development: 2018-07-06T05:17:18-04:00   f409745fe947d017014efb26d47c8739
assets/lookbook03.jpg:
  development: 2018-07-06T05:17:18-04:00   a774f114976574f2723bab6a79748da9
assets/lookbook04.jpg:
  development: 2018-07-06T05:17:18-04:00   8b446a47529010762eb649fe8fe80473
assets/lookbook05.jpg:
  development: 2018-07-06T05:17:18-04:00   3d81c33de25d7b86f0be9ea86e7dbe55
assets/lookbook06.jpg:
  development: 2018-07-06T05:17:19-04:00   154577f64c562c7cc144de60ba2c1b64
assets/lookbook07.jpg:
  development: 2018-07-06T05:17:19-04:00   a463834abfbf74edfbd1b131b51ee422
assets/lookbook08.jpg:
  development: 2018-07-06T05:17:19-04:00   a7d32e60633a20bd60dfb45ff03e1554
assets/magnific-popup.min.js:
  development: 2018-07-06T05:17:20-04:00   f582b5a67f5dbfb2b25e0a1ea8cbb080
assets/magnifying-glass34.png:
  development: 2018-07-06T05:17:20-04:00   06ccf786548bc554b7128fa6bb345442
assets/mailing_bg.png:
  development: 2018-07-06T05:17:20-04:00   e24af9517a33b272c5a336177930af23
assets/mega-bg-01.png:
  development: 2018-07-06T05:17:20-04:00   7ffda75f449066183d4930360109002b
assets/mega-bg-02.png:
  development: 2018-07-06T05:17:21-04:00   9a86e7605982aa6d29c6a6ef7c4f6a77
assets/mega2-col1-img.jpg:
  development: 2018-07-06T05:17:21-04:00   635acb5d10a62d4098feec410c73ff0d
assets/mega2-col2-img.jpg:
  development: 2018-07-06T05:17:21-04:00   b425185cc81fb2c8749ae28ff06aca10
assets/modernizr.js:
  development: 2018-07-06T05:17:21-04:00   06de81fd0a15c1f763986334a0e33910
assets/modernizr.min.js:
  development: 2018-07-06T05:17:21-04:00   e8a7c9329f429b2b271e31c540e61075
assets/olive.png:
  development: 2018-07-06T05:17:22-04:00   0e2e27b506454dabfac37381d4656e26
assets/orange.png:
  development: 2018-07-06T05:17:22-04:00   9738c293c1e0c6edbbdc5c156a2571f0
assets/owl.carousel.css:
  development: 2018-07-06T05:17:22-04:00   0371b5a2d50e985b09b7d337edc0dc9f
assets/owl.carousel.min.js:
  development: 2018-07-06T05:17:22-04:00   88d0fe722f04973e2888b58a63aa0570
assets/partners_logo_1.jpg:
  development: 2018-07-06T05:17:22-04:00   56a3163cbec73438dcc3750997f517e9
assets/partners_logo_2.jpg:
  development: 2018-07-06T05:17:23-04:00   7f5cfa44690928624a65f9551367c3ce
assets/partners_logo_3.jpg:
  development: 2018-07-06T05:17:23-04:00   508e3f314364275641e762aea6b3c762
assets/partners_logo_4.jpg:
  development: 2018-07-06T05:17:23-04:00   b2a93c30f1ad96794002f9b4148c5b1a
assets/partners_logo_5.jpg:
  development: 2018-07-06T05:17:23-04:00   5beb6fedda29cbcbde1b953692ac0ef4
assets/partners_logo_6.jpg:
  development: 2018-07-06T05:17:23-04:00   e7fcf677f939aa8efbc50c71a87d9e5b
assets/partners_logo_7.jpg:
  development: 2018-07-06T05:17:23-04:00   5beb6fedda29cbcbde1b953692ac0ef4
assets/partners_logo_8.jpg:
  development: 2018-07-06T05:17:24-04:00   508e3f314364275641e762aea6b3c762
assets/partners_logo_9.jpg:
  development: 2018-07-06T05:17:24-04:00   7f5cfa44690928624a65f9551367c3ce
assets/partners_logo_10.jpg:
  development: 2018-07-06T05:17:22-04:00   e7fcf677f939aa8efbc50c71a87d9e5b
assets/password.scss.liquid:
  development: 2018-07-06T05:17:24-04:00   9f96a47e376239d55bd75d86d2d543c3
assets/password_bkg.jpg:
  development: 2018-07-06T05:17:24-04:00   f88f93c5181a01a1f5b9a1afa114ec40
assets/pink.png:
  development: 2018-07-06T05:17:25-04:00   7d5922ea0ed62b122f2e862cbfd2ba80
assets/product-1.png:
  development: 2018-07-06T05:17:25-04:00   606056fd20e1aeed49146574080dd2f4
assets/product-2.png:
  development: 2018-07-06T05:17:25-04:00   db97f84dbe8a09887f2abdb654a856e7
assets/product-3.png:
  development: 2018-07-06T05:17:25-04:00   69cfe7cbb64c79553c0c4de2012bb378
assets/product-4.png:
  development: 2018-07-06T05:17:25-04:00   5167fff8f4fae7f6222b900a85fed94c
assets/product-5.png:
  development: 2018-07-06T05:17:26-04:00   d90037d937cd14c17dc57ee8f1eda827
assets/product-6.png:
  development: 2018-07-06T05:17:26-04:00   f5bfadedb46e078c14f1108e6c3e2859
assets/purple.png:
  development: 2018-07-06T05:17:26-04:00   b83361e48ee6324bdb53807a83a5f987
assets/red.png:
  development: 2018-07-06T05:17:26-04:00   08569514d6262a5948ec4bd660c2cdb9
assets/right-bg.png:
  development: 2018-07-06T05:17:26-04:00   5ab71a02b9152a4ab7d906bdccfba0fd
assets/ring.svg:
  development: 2018-07-06T05:17:26-04:00   f8a389bf3de3c6991965f76af23a3f84
assets/scripts.js.liquid:
  development: 2018-07-06T05:17:27-04:00   76df6fe6b8a04ae3ac6585854c5d412e
assets/shopify_common.js:
  development: 2018-07-06T05:17:27-04:00
assets/silver.png:
  development: 2018-07-06T05:17:27-04:00   f957a6158f87462ceb3620e3b96fb76f
assets/slide-image-1.jpg:
  development: 2018-07-06T05:17:27-04:00   a2a709ab251575ac6dbf0bda7fddf5b0
assets/slide-image-2.jpg:
  development: 2018-07-06T05:17:27-04:00   c8eefe64c736317514a6a572e21fcaf3
assets/slide-image-3.jpg:
  development: 2018-07-06T05:17:28-04:00   30a2fb7ac0590ce3bd7c4af48ef74fb8
assets/slide-image-caption-1.jpg:
  development: 2018-07-06T05:17:28-04:00   021b3efa9dda35a7ede7a43c35a73cdf
assets/slide-image-caption-1.png:
  development: 2018-07-06T05:17:28-04:00   59978c15f0259c60564c6bdfd8eea6f8
assets/slide-image-caption-2.jpg:
  development: 2018-07-06T05:17:28-04:00   926ff172321c8dd0cec04580d8925a74
assets/slide-image-caption-2.png:
  development: 2018-07-06T05:17:28-04:00   0d97a5cd9af888c4b71eb3a4bde14764
assets/slide-image-caption-3.jpg:
  development: 2018-07-06T05:17:29-04:00   0c171420a11a49ba452e9b9252a9445f
assets/slide-image-caption-3.png:
  development: 2018-07-06T05:17:29-04:00   cf2cd13e5ac771571b0db973f110e324
assets/slider-arrows-next.png:
  development: 2018-07-06T05:17:29-04:00   b09db6a18bea083b6ba21872ebc33c27
assets/slider-arrows-prev.png:
  development: 2018-07-06T05:17:29-04:00   b232c91fe1f44e5d1e1ed23a4c7cab56
assets/slider-arrows.png:
  development: 2018-07-06T05:17:29-04:00   2e4ad3f2c169323e8b124815d667a3f7
assets/slideshow_1.jpg:
  development: 2018-07-06T05:17:29-04:00   7dd6d487b6ea01d90c58138f3fa52d1a
assets/slideshow_2.jpg:
  development: 2018-07-06T05:17:30-04:00   ced56458a47dfef9caf3109da26f7784
assets/social-buttons.js.liquid:
  development: 2018-07-06T05:17:30-04:00   a885f05c57ac5cdf3128d99a80898155
assets/social-buttons.scss.liquid:
  development: 2018-07-06T05:17:30-04:00   2ee52a8d1312fb7734ff710f74b7d7d8
assets/social-icons-dark-bg.png:
  development: 2018-07-06T05:17:30-04:00   174a495389770f51e351e2d667171243
assets/social-icons-light-bg.png:
  development: 2018-07-06T05:17:30-04:00   41fc2c4525562ef3e32926a9e4d7d0d6
assets/soldout.png:
  development: 2018-07-06T05:17:30-04:00   b2d4b98cade2ecd158a62a55745ffb72
assets/white.png:
  development: 2018-07-06T05:17:31-04:00   43253a3bba933ba045a52ef8b8de186f
assets/yellow.png:
  development: 2018-07-06T05:17:31-04:00   87274a9dafd3f753e4ed292123904663
config/settings_data.json:
  development: 2018-07-06T05:17:34-04:00   99d1dce87209ba73ec275e1dc41bd99f
config/settings_schema.json:
  development: 2018-07-06T05:17:34-04:00   77fd742bf799ed6211ebeb1975e10f08
layout/theme.liquid:
  development: 2018-07-06T05:17:31-04:00   6f520552a7a475a4d16abbb60e08aacf
locales/de.json:
  development: 2018-07-06T05:17:31-04:00   a34163800529083d30989701d19a9293
locales/en.default.json:
  development: 2018-07-06T05:17:31-04:00   f884bf89b1091dcb3756cb5d73e0f2bd
locales/es.json:
  development: 2018-07-06T05:17:31-04:00   24da01f5f7f9138bee4990896f45a300
locales/fr.json:
  development: 2018-07-06T05:17:31-04:00   a41a83edc344e5fdb960f7db89a307d3
locales/pt-BR.json:
  development: 2018-07-06T05:17:31-04:00   3495052b728efbf822e888b7c5ce90b8
locales/pt-PT.json:
  development: 2018-07-06T05:17:31-04:00   147b74c6ae9af36d0948a4d7ef7aa69c
sections/slideshow.liquid:
  development: 2018-07-06T05:16:50-04:00   66e8b6eba36f5682bae2153dc41141ab
snippets/ajax-cart.liquid:
  development: 2018-07-06T05:17:31-04:00   d8db9ca8e436977b2c2979fee6492215
snippets/blog_sidebar.liquid:
  development: 2018-07-06T05:17:31-04:00   deff7baba1a4d7778cc5b69de189a4e3
snippets/cart_shipping-calculator.liquid:
  development: 2018-07-06T05:17:31-04:00   4cbacbd8f49e3b69bd35898a3785933f
snippets/collection_leftsidebar.liquid:
  development: 2018-07-06T05:17:31-04:00   19b862dd0e6332dd0ccc10f3fac23ae9
snippets/collection_loop.liquid:
  development: 2018-07-06T05:17:31-04:00   6950949f18fe4a59a9890ac6af74bf91
snippets/collection_product.liquid:
  development: 2018-07-06T05:17:31-04:00   04161533da2f6224c113e79e326dbb4b
snippets/collection_tag-filter.liquid:
  development: 2018-07-06T05:17:31-04:00   3bbd869c0d14b1e06f2f05f6df911fd3
snippets/currencies-switcher.liquid:
  development: 2018-07-06T05:17:31-04:00   973445ae5d265e4de73772fba48d54d3
snippets/currencies.liquid:
  development: 2018-07-06T05:17:32-04:00   c60e06144783af4e5e34b0522067e9ea
snippets/customer_links.liquid:
  development: 2018-07-06T05:17:32-04:00   e31650e63a8d9c86dc6a7fc31af6ffad
snippets/dropdown.liquid:
  development: 2018-07-06T05:17:32-04:00   5f9929c74e7b019a8a3504010ead764d
snippets/fb-open-graph-tags.liquid:
  development: 2018-07-06T05:17:32-04:00   4e6548d3eff1eecc303a74414dd22370
snippets/header_navigation.liquid:
  development: 2018-07-06T05:17:32-04:00   a69bb73318817b0b68a008eea06abca3
snippets/helper-default-products.liquid:
  development: 2018-07-06T05:17:32-04:00   3a2a2c3cfa2f5c787088796e8a6f0115
snippets/helper-homepage-products.liquid:
  development: 2018-07-06T05:17:32-04:00   dd27b509040d00bab3ba4c6346fe8e47
snippets/index_masonrytab1.liquid:
  development: 2018-07-06T05:17:32-04:00   95181f84a67b98cd6ae23bac227b73bf
snippets/index_masonrytab2.liquid:
  development: 2018-07-06T05:17:32-04:00   ad384191ce1362294f1a0c7aaacf749d
snippets/index_masonrytab3.liquid:
  development: 2018-07-06T05:17:32-04:00   0da41311d658ea2383b1630dfd66541e
snippets/index_masonrytab4.liquid:
  development: 2018-07-06T05:17:32-04:00   100048905e27f8c36c08fba8704b7a4e
snippets/index_proditem-big.liquid:
  development: 2018-07-06T05:17:32-04:00   0e861285e5d0cce037063830199f7d4f
snippets/index_proditem-normal.liquid:
  development: 2018-07-06T05:17:32-04:00   e8dcf33c1029f4c01219c9b7966a173f
snippets/index_proditem.liquid:
  development: 2018-07-06T05:17:32-04:00   8fe98b8b06d040a2cc125a6dbb4cfa5a
snippets/index_product.liquid:
  development: 2018-07-06T05:17:32-04:00   7b74f298f5aaa6b734fe30b7bfd1d50f
snippets/mobile-menu.liquid:
  development: 2018-07-06T05:17:32-04:00   6852e39575face08b0892dbda76d846c
snippets/navigation_product-item.liquid:
  development: 2018-07-06T05:17:32-04:00   d65a7c8fb1f173e18d8ab14020d6fd42
snippets/navigation_sub-links.liquid:
  development: 2018-07-06T05:17:32-04:00   53abfc2e48be35dcafeea6aa6a17cde8
snippets/newsletter_popup.liquid:
  development: 2018-07-06T05:17:32-04:00   18e025e52c5551ec036b507fdefff3e5
snippets/pagination.liquid:
  development: 2018-07-06T05:17:32-04:00   e0b963fa771ca15f1d4eb136d8c318cd
snippets/product-card-grid-muti.liquid:
  development: 2018-07-06T05:17:32-04:00   04161533da2f6224c113e79e326dbb4b
snippets/product-price.liquid:
  development: 2018-07-06T05:17:32-04:00   9e3fa35edb03e11f62553db0d46831db
snippets/product.liquid:
  development: 2018-07-06T05:17:32-04:00   a93492b7ba6b738ed25bf5baf62e719f
snippets/product_tags.liquid:
  development: 2018-07-06T05:17:32-04:00   29744db2454ef3920585b6e7c1316542
snippets/products_relatedpro.liquid:
  development: 2018-07-06T05:17:33-04:00   e0b395aec6ed7e96f8504d19b3b66797
snippets/quick-shop.liquid:
  development: 2018-07-06T05:17:33-04:00   3bc833ee3c5d75ed98f684a4c933d16d
snippets/social-sharing.liquid:
  development: 2018-07-06T05:17:33-04:00   c186f41f5935c0955cdebfd93c6e315b
snippets/svg-definitions.liquid:
  development: 2018-07-06T05:17:33-04:00   a64419e7c0393ae97b27a3a46ccaaf80
snippets/swatch.liquid:
  development: 2018-07-06T05:17:33-04:00   18f81b9f9059893b191c39c0ab975a17
snippets/theme_footer.liquid:
  development: 2018-07-06T05:17:33-04:00   f4419b37a0915641e505acc21506e6da
snippets/theme_header.liquid:
  development: 2018-07-06T05:17:33-04:00   d8ae147f20f7797094e7c5309b12d1cb
snippets/twitter-card.liquid:
  development: 2018-07-06T05:17:33-04:00   f5ceb4cc01d48600c2cad8242ebd6f15
snippets/wish-list.liquid:
  development: 2018-07-06T05:17:33-04:00   a1df7fa6a90b8df2d68a23b3e5c855c7
templates/404.liquid:
  development: 2018-07-06T05:17:33-04:00   fd2b5c68544da9ed83e324e582774a72
templates/article.liquid:
  development: 2018-07-06T05:17:33-04:00   5ba81b37c31792bd7dbc4d23c5ef0ed4
templates/blog.liquid:
  development: 2018-07-06T05:17:33-04:00   99e67767c718cbb0e37375977885371d
templates/cart.liquid:
  development: 2018-07-06T05:17:33-04:00   d6cb8cfad6a40dd0bb6b1a935ce33b01
templates/collection.12.liquid:
  development: 2018-07-06T05:17:33-04:00   718adc583e9fa4434976bc951e8e3bec
templates/collection.18.liquid:
  development: 2018-07-06T05:17:33-04:00   e8f09314b204acc145137e3c5a1a319a
templates/collection.24.liquid:
  development: 2018-07-06T05:17:33-04:00   d068512b507b748dbd978ac1415cd03e
templates/collection.30.liquid:
  development: 2018-07-06T05:17:33-04:00   90b22e1bc7571ed987fcf68a24589a3c
templates/collection.liquid:
  development: 2018-07-06T05:17:33-04:00   059d933c1f54eba668f3cc7b42071330
templates/collection.sub_category.liquid:
  development: 2018-07-06T05:17:33-04:00   d1efecf39500e3edbeb2aea6121b7e5b
templates/customers/account.liquid:
  development: 2018-07-06T05:17:33-04:00   da0ef10ca75f42ba83c199ede14d6509
templates/customers/activate_account.liquid:
  development: 2018-07-06T05:17:33-04:00   deca435de45c1261f36df31a19833ec9
templates/customers/addresses.liquid:
  development: 2018-07-06T05:17:33-04:00   5452a90710f131dc6ea9fe6e8f022867
templates/customers/login.liquid:
  development: 2018-07-06T05:17:33-04:00   49722ed5566321e81151cf231076b172
templates/customers/order.liquid:
  development: 2018-07-06T05:17:34-04:00   8e8d3aa6bea7fd1483ef56993c5ffa8a
templates/customers/register.liquid:
  development: 2018-07-06T05:17:34-04:00   808365dc155fcd7e113a5349700ea520
templates/customers/reset_password.liquid:
  development: 2018-07-06T05:17:34-04:00   216dca01e11064864f31912d090c22b7
templates/gift_card.liquid:
  development: 2018-07-06T05:17:34-04:00   cea948a7d5f19fc6141c6bc3ed1e5adc
templates/index.liquid:
  development: 2018-07-06T05:17:34-04:00   9b60875a9775beedf5290d36c5675feb
templates/list-collections.liquid:
  development: 2018-07-06T05:17:34-04:00   b55830885e96f77b1c8e18c0f30b8207
templates/page.contact.liquid:
  development: 2018-07-06T05:17:34-04:00   6ac67b81abb1191f16986c53dbb33d42
templates/page.deals.liquid:
  development: 2018-07-06T05:17:34-04:00   d8d8c4831f1d1d0e0306ea585e31d62d
templates/page.faq.liquid:
  development: 2018-07-06T05:17:34-04:00   d049dea39353a53e64d2f9f7eace3267
templates/page.liquid:
  development: 2018-07-06T05:17:34-04:00   5bf39c91008a6422193dbed667e488e4
templates/page.lookbook.liquid:
  development: 2018-07-06T05:17:34-04:00   f0c0fcd52d78293bbc087b7590a28a2e
templates/page.wish-list.liquid:
  development: 2018-07-06T05:17:34-04:00   7954184e3429d366a482eb7e774b7b3e
templates/password.liquid:
  development: 2018-07-06T05:17:34-04:00   26105ba3d23abc727bd6664219ba46bb
templates/product.liquid:
  development: 2018-07-06T05:17:34-04:00   370e5fcfba04b93778f3f2fff2bac6df
templates/search.json.liquid:
  development: 2018-07-06T05:17:34-04:00   7889f4613d9ac54b37a10520c4469c63
templates/search.liquid:
  development: 2018-07-06T05:17:34-04:00   961eb181c33369a396ef740017c6c8e8
